
Microsoft Visual Studio Solution File, Format Version 12.00
# Visual Studio Version 17
VisualStudioVersion = 17.0.31903.59
MinimumVisualStudioVersion = 10.0.40219.1
Project("{FAE04EC0-301F-11D3-BF4B-00C04F79EFBC}") = "PlaywrightTests", "PlaywrightTests\PlaywrightTests.csproj", "{ED58EA30-6943-40DB-94FC-B8AFB000E53E}"
EndProject
Project("{FAE04EC0-301F-11D3-BF4B-00C04F79EFBC}") = "PlaywrightTestsNUnit", "PlaywrightTestsNUnit\PlaywrightTestsNUnit.csproj", "{ABBC45A0-9D01-4A08-BA6D-ED26F3917A8B}"
EndProject
Global
	GlobalSection(SolutionConfigurationPlatforms) = preSolution
		Debug|Any CPU = Debug|Any CPU
		Debug|x64 = Debug|x64
		Debug|x86 = Debug|x86
		Release|Any CPU = Release|Any CPU
		Release|x64 = Release|x64
		Release|x86 = Release|x86
	EndGlobalSection
	GlobalSection(ProjectConfigurationPlatforms) = postSolution
		{ED58EA30-6943-40DB-94FC-B8AFB000E53E}.Debug|Any CPU.ActiveCfg = Debug|Any CPU
		{ED58EA30-6943-40DB-94FC-B8AFB000E53E}.Debug|Any CPU.Build.0 = Debug|Any CPU
		{ED58EA30-6943-40DB-94FC-B8AFB000E53E}.Debug|x64.ActiveCfg = Debug|Any CPU
		{ED58EA30-6943-40DB-94FC-B8AFB000E53E}.Debug|x64.Build.0 = Debug|Any CPU
		{ED58EA30-6943-40DB-94FC-B8AFB000E53E}.Debug|x86.ActiveCfg = Debug|Any CPU
		{ED58EA30-6943-40DB-94FC-B8AFB000E53E}.Debug|x86.Build.0 = Debug|Any CPU
		{ED58EA30-6943-40DB-94FC-B8AFB000E53E}.Release|Any CPU.ActiveCfg = Release|Any CPU
		{ED58EA30-6943-40DB-94FC-B8AFB000E53E}.Release|Any CPU.Build.0 = Release|Any CPU
		{ED58EA30-6943-40DB-94FC-B8AFB000E53E}.Release|x64.ActiveCfg = Release|Any CPU
		{ED58EA30-6943-40DB-94FC-B8AFB000E53E}.Release|x64.Build.0 = Release|Any CPU
		{ED58EA30-6943-40DB-94FC-B8AFB000E53E}.Release|x86.ActiveCfg = Release|Any CPU
		{ED58EA30-6943-40DB-94FC-B8AFB000E53E}.Release|x86.Build.0 = Release|Any CPU
		{ABBC45A0-9D01-4A08-BA6D-ED26F3917A8B}.Debug|Any CPU.ActiveCfg = Debug|Any CPU
		{ABBC45A0-9D01-4A08-BA6D-ED26F3917A8B}.Debug|Any CPU.Build.0 = Debug|Any CPU
		{ABBC45A0-9D01-4A08-BA6D-ED26F3917A8B}.Debug|x64.ActiveCfg = Debug|Any CPU
		{ABBC45A0-9D01-4A08-BA6D-ED26F3917A8B}.Debug|x64.Build.0 = Debug|Any CPU
		{ABBC45A0-9D01-4A08-BA6D-ED26F3917A8B}.Debug|x86.ActiveCfg = Debug|Any CPU
		{ABBC45A0-9D01-4A08-BA6D-ED26F3917A8B}.Debug|x86.Build.0 = Debug|Any CPU
		{ABBC45A0-9D01-4A08-BA6D-ED26F3917A8B}.Release|Any CPU.ActiveCfg = Release|Any CPU
		{ABBC45A0-9D01-4A08-BA6D-ED26F3917A8B}.Release|Any CPU.Build.0 = Release|Any CPU
		{ABBC45A0-9D01-4A08-BA6D-ED26F3917A8B}.Release|x64.ActiveCfg = Release|Any CPU
		{ABBC45A0-9D01-4A08-BA6D-ED26F3917A8B}.Release|x64.Build.0 = Release|Any CPU
		{ABBC45A0-9D01-4A08-BA6D-ED26F3917A8B}.Release|x86.ActiveCfg = Release|Any CPU
		{ABBC45A0-9D01-4A08-BA6D-ED26F3917A8B}.Release|x86.Build.0 = Release|Any CPU
	EndGlobalSection
	GlobalSection(SolutionProperties) = preSolution
		HideSolutionNode = FALSE
	EndGlobalSection
EndGlobal
